
Microsoft Visual Studio Solution File, Format Version 12.00
# Visual Studio Version 16
VisualStudioVersion = 16.0.30717.126
MinimumVisualStudioVersion = 10.0.40219.1
Project("{FAE04EC0-301F-11D3-BF4B-00C04F79EFBC}") = "AnadoluMobılya", "AnadoluMobılya\AnadoluMobılya.csproj", "{8C0EDAB2-2AF3-4F4F-A6A4-F1FCBD114787}"
EndProject
Global
	GlobalSection(SolutionConfigurationPlatforms) = preSolution
		Debug|Any CPU = Debug|Any CPU
		Release|Any CPU = Release|Any CPU
	EndGlobalSection
	GlobalSection(ProjectConfigurationPlatforms) = postSolution
		{8C0EDAB2-2AF3-4F4F-A6A4-F1FCBD114787}.Debug|Any CPU.ActiveCfg = Debug|Any CPU
		{8C0EDAB2-2AF3-4F4F-A6A4-F1FCBD114787}.Debug|Any CPU.Build.0 = Debug|Any CPU
		{8C0EDAB2-2AF3-4F4F-A6A4-F1FCBD114787}.Release|Any CPU.ActiveCfg = Release|Any CPU
		{8C0EDAB2-2AF3-4F4F-A6A4-F1FCBD114787}.Release|Any CPU.Build.0 = Release|Any CPU
	EndGlobalSection
	GlobalSection(SolutionProperties) = preSolution
		HideSolutionNode = FALSE
	EndGlobalSection
	GlobalSection(ExtensibilityGlobals) = postSolution
		SolutionGuid = {2E3CEEEE-99B6-4AC1-A585-48C3E2C22DD7}
	EndGlobalSection
EndGlobal
